
Microsoft Visual Studio Solution File, Format Version 12.00
# Visual Studio Version 17
VisualStudioVersion = 17.3.32819.101
MinimumVisualStudioVersion = 10.0.40219.1
Project("{2150E333-8FDC-42A3-9474-1A3956D46DE8}") = "api", "api", "{7BA35E11-7C4D-4297-80F7-D2C95DE98C75}"
EndProject
Project("{2150E333-8FDC-42A3-9474-1A3956D46DE8}") = "ui", "ui", "{608D5819-B543-45CA-A1E7-EECBC0CC3DAF}"
EndProject
Project("{9092AA53-FB77-4645-B42D-1CCCA6BD08BD}") = "eas-web", "ui\eas-web\eas-web.njsproj", "{A3FBE74A-8F53-478A-A038-BCFDCEC8411B}"
EndProject
Project("{2150E333-8FDC-42A3-9474-1A3956D46DE8}") = "services", "services", "{03425385-C2E6-479C-886C-EB8EE1EFC832}"
EndProject
Project("{2150E333-8FDC-42A3-9474-1A3956D46DE8}") = "gateways", "gateways", "{7B5CA078-DABF-49D5-8149-B61137986A71}"
EndProject
Project("{9A19103F-16F7-4668-BE54-9A1E7A4F7556}") = "Eas.Gate.Ui", "api\gateways\Eas.Gate.Ui\Eas.Gate.Ui.csproj", "{CF552F36-77AA-47BB-98BD-9BD5E8B5E183}"
EndProject
Project("{2150E333-8FDC-42A3-9474-1A3956D46DE8}") = "shared", "shared", "{A69B8FE8-A169-4C13-8966-7F3C76B78026}"
EndProject
Project("{9A19103F-16F7-4668-BE54-9A1E7A4F7556}") = "Shared.Rest.Common", "shared\Shared.Rest.Common\Shared.Rest.Common.csproj", "{9865622C-8FFC-48E9-84E8-E90D9C9E6A3C}"
EndProject
Project("{9A19103F-16F7-4668-BE54-9A1E7A4F7556}") = "Shared.IL.Utils", "shared\Shared.IL.Utils\Shared.IL.Utils.csproj", "{AD5B3714-C9BA-4CCF-894B-F3C9E5AC45D1}"
EndProject
Project("{2150E333-8FDC-42A3-9474-1A3956D46DE8}") = "Identity", "Identity", "{B17364B9-E473-43D8-847D-97AED0DFA5EA}"
EndProject
Project("{9A19103F-16F7-4668-BE54-9A1E7A4F7556}") = "Identity.Grpc", "api\services\Identity\Identity.Grpc\Identity.Grpc.csproj", "{CFD5FCAF-4A6C-4708-A341-ED5E9A7F40AB}"
EndProject
Project("{9A19103F-16F7-4668-BE54-9A1E7A4F7556}") = "Identity.App", "api\services\Identity\Identity.App\Identity.App.csproj", "{7E00FAC1-181C-48EE-9B98-EC00370CEA54}"
EndProject
Project("{9A19103F-16F7-4668-BE54-9A1E7A4F7556}") = "Shared.Mediator", "shared\Shared.Mediator\Shared.Mediator.csproj", "{7E1741FB-FD64-4B2A-B60D-E47248C48C38}"
EndProject
Project("{9A19103F-16F7-4668-BE54-9A1E7A4F7556}") = "Shared.App", "shared\Shared.App\Shared.App.csproj", "{3ACA55E0-A76B-4664-85E4-C3B38BAE7CEE}"
EndProject
Project("{9A19103F-16F7-4668-BE54-9A1E7A4F7556}") = "Shared.FluentValidation", "shared\Shared.FluentValidation\Shared.FluentValidation.csproj", "{53105FF4-9876-4981-99F2-C279E4B2B3BA}"
EndProject
Project("{9A19103F-16F7-4668-BE54-9A1E7A4F7556}") = "Shared.Automapper", "shared\Shared.Automapper\Shared.Automapper.csproj", "{8C1C0C64-80FF-4095-8797-43B4E5D8B4D7}"
EndProject
Project("{9A19103F-16F7-4668-BE54-9A1E7A4F7556}") = "Shared.Infrastruct", "shared\Shared.Infrastruct\Shared.Infrastruct.csproj", "{F0F37092-6C2F-4835-AC15-3029A89DEFDD}"
EndProject
Project("{9A19103F-16F7-4668-BE54-9A1E7A4F7556}") = "Shared.Domain", "shared\Shared.Domain\Shared.Domain.csproj", "{56E81375-8BA4-4268-A8F3-755E8F04FBA7}"
EndProject
Project("{9A19103F-16F7-4668-BE54-9A1E7A4F7556}") = "Shared.Common", "shared\Shared.Common\Shared.Common.csproj", "{86069000-AD49-4479-883E-7F465C247B2D}"
EndProject
Project("{9A19103F-16F7-4668-BE54-9A1E7A4F7556}") = "Identity.Domain", "api\services\Identity\Identity.Domain\Identity.Domain.csproj", "{1242AA97-F379-4793-8F82-0A8442D3B246}"
EndProject
Project("{9A19103F-16F7-4668-BE54-9A1E7A4F7556}") = "Identity.Sdk", "api\services\Identity\Identity.Sdk\Identity.Sdk.csproj", "{1F39B12A-0D51-4464-B1AF-9AB2473CF57E}"
EndProject
Project("{9A19103F-16F7-4668-BE54-9A1E7A4F7556}") = "Identity.Grpc.Contracts", "api\services\Identity\Identity.Grpc.Contracts\Identity.Grpc.Contracts.csproj", "{377D0703-F06C-4761-A542-A3125D2D683F}"
EndProject
Project("{9A19103F-16F7-4668-BE54-9A1E7A4F7556}") = "Shared.Grpc", "shared\Shared.Grpc\Shared.Grpc.csproj", "{E75883F5-5FAA-480E-B77F-3F391A5C6045}"
EndProject
Project("{9A19103F-16F7-4668-BE54-9A1E7A4F7556}") = "Identity.Infrastructure", "api\services\Identity\Identity.Infrastructure\Identity.Infrastructure.csproj", "{57BC34A1-8EE0-439C-A67E-F73480C5E46B}"
EndProject
Project("{9A19103F-16F7-4668-BE54-9A1E7A4F7556}") = "Shared.Persistence", "shared\Shared.Persistence\Shared.Persistence.csproj", "{9A3E43E3-E5F6-46F1-A7A6-DC9A4F9A9781}"
EndProject
Project("{2150E333-8FDC-42A3-9474-1A3956D46DE8}") = "SeedWork", "SeedWork", "{A3F7DF32-BB43-4B85-B32F-2E5033D6EC2A}"
EndProject
Project("{9A19103F-16F7-4668-BE54-9A1E7A4F7556}") = "SeedWork.Infrastructure", "seedWork\SeedWork.Infrastructure\SeedWork.Infrastructure.csproj", "{9EF635E1-0965-4AF9-AE3F-1FB3E84FB908}"
EndProject
Project("{9A19103F-16F7-4668-BE54-9A1E7A4F7556}") = "Eas.Gate.Images", "api\gateways\Eas.Gate.Images\Eas.Gate.Images.csproj", "{E927C540-F9B8-4F0A-91B0-50731EA73614}"
EndProject
Project("{2150E333-8FDC-42A3-9474-1A3956D46DE8}") = "FilesStorage", "FilesStorage", "{F44E5BFE-BECB-4303-B39A-3E8D8421BEF8}"
EndProject
Project("{9A19103F-16F7-4668-BE54-9A1E7A4F7556}") = "FilesStorage.Grpc", "api\services\FilesStorage\FilesStorage.Grpc\FilesStorage.Grpc.csproj", "{6347BF9E-8CF2-447D-AD85-2213192882BF}"
EndProject
Project("{9A19103F-16F7-4668-BE54-9A1E7A4F7556}") = "FilesStorage.Grpc.Cotracts", "api\services\FilesStorage\FilesStorage.Grpc.Cotracts\FilesStorage.Grpc.Cotracts.csproj", "{BB2BF0B3-8FE4-466C-A1E9-6C74A919B458}"
EndProject
Project("{9A19103F-16F7-4668-BE54-9A1E7A4F7556}") = "FilesStorage.App", "api\services\FilesStorage\FilesStorage.App\FilesStorage.App.csproj", "{0586D850-CC86-45E9-93AC-EED2A77CFF1E}"
EndProject
Project("{9A19103F-16F7-4668-BE54-9A1E7A4F7556}") = "FilesStorage.Sdk", "api\services\FilesStorage\FilesStorage.Sdk\FilesStorage.Sdk.csproj", "{71A8499A-A1C5-4D88-9B54-B4A1B71EF9EF}"
EndProject
Project("{9A19103F-16F7-4668-BE54-9A1E7A4F7556}") = "FilesStorage.Domain", "api\services\FilesStorage\FilesStorage.Domain\FilesStorage.Domain.csproj", "{E13F5071-C091-4568-833C-946F81B97F23}"
EndProject
Project("{9A19103F-16F7-4668-BE54-9A1E7A4F7556}") = "FilesStorage.Infrastructure", "api\services\FilesStorage\FilesStorage.Infrastructure\FilesStorage.Infrastructure.csproj", "{E4CCA616-95CF-4ABF-AC8B-8D2B58FAF901}"
EndProject
Project("{9A19103F-16F7-4668-BE54-9A1E7A4F7556}") = "SeedWork.Gateway", "seedWork\SeedWork.Gateway\SeedWork.Gateway.csproj", "{B47F393D-0412-43BB-86F0-D405717BF707}"
EndProject
Project("{2150E333-8FDC-42A3-9474-1A3956D46DE8}") = "bots", "bots", "{9CBABEC5-70AC-4C34-B6AA-37871D519F13}"
EndProject
Project("{2150E333-8FDC-42A3-9474-1A3956D46DE8}") = "telegram", "telegram", "{5EDC293E-7B4D-4F1C-A8D4-092A187BD6A3}"
EndProject
Project("{9A19103F-16F7-4668-BE54-9A1E7A4F7556}") = "TelegramBotTest", "bots\telegram\TelegramBotTest\TelegramBotTest.csproj", "{15C14E43-5C43-4D06-AA5D-30980689EC06}"
EndProject
Project("{2150E333-8FDC-42A3-9474-1A3956D46DE8}") = "Organizations", "Organizations", "{C72ACBD8-5C4C-4BD9-BB67-8F62C50E8325}"
EndProject
Project("{9A19103F-16F7-4668-BE54-9A1E7A4F7556}") = "Organizations.App", "api\services\Organizations\Organizations.App\Organizations.App.csproj", "{20628A3A-AF07-491D-A0B0-12D0D862F0ED}"
EndProject
Project("{9A19103F-16F7-4668-BE54-9A1E7A4F7556}") = "Organizations.Domain", "api\services\Organizations\Organizations.Domain\Organizations.Domain.csproj", "{BC05D62A-6588-4A4F-8A4C-0B7432644C7B}"
EndProject
Project("{9A19103F-16F7-4668-BE54-9A1E7A4F7556}") = "Organizations.Infrastructure", "api\services\Organizations\Organizations.Infrastructure\Organizations.Infrastructure.csproj", "{3A853598-A049-43A5-8E2A-0CF66EB6E570}"
EndProject
Project("{9A19103F-16F7-4668-BE54-9A1E7A4F7556}") = "Organizations.Grpc.Contracts", "api\services\Organizations\Organizations.Grpc.Contracts\Organizations.Grpc.Contracts.csproj", "{DE6C7CD3-E799-48AB-8767-EDF6947F8544}"
EndProject
Project("{9A19103F-16F7-4668-BE54-9A1E7A4F7556}") = "Organizations.Grpc", "api\services\Organizations\Organizations.Grpc\Organizations.Grpc.csproj", "{BD573D53-E002-4049-B072-201C3E64F696}"
EndProject
Project("{9A19103F-16F7-4668-BE54-9A1E7A4F7556}") = "Organizations.Sdk", "api\services\Organizations\Organizations.Sdk\Organizations.Sdk.csproj", "{10F90AA8-4EF9-4A73-B056-03CE46895B64}"
EndProject
Project("{2150E333-8FDC-42A3-9474-1A3956D46DE8}") = "Employees", "Employees", "{5DB11131-8396-4057-8F3D-90E1077821FB}"
EndProject
Project("{9A19103F-16F7-4668-BE54-9A1E7A4F7556}") = "Employees.Domain", "api\services\Employees\Employees.Domain\Employees.Domain.csproj", "{F0B6AB55-2AB1-4919-B3AE-2AB051300D23}"
EndProject
Project("{9A19103F-16F7-4668-BE54-9A1E7A4F7556}") = "Employees.App", "api\services\Employees\Employees.App\Employees.App.csproj", "{70F5D060-D2A7-499D-97C3-7CF3B317E1E7}"
EndProject
Project("{9A19103F-16F7-4668-BE54-9A1E7A4F7556}") = "Employees.Infrastructure", "api\services\Employees\Employees.Infrastructure\Employees.Infrastructure.csproj", "{169DF857-DB38-49B9-88E3-4941667A51DA}"
EndProject
Project("{9A19103F-16F7-4668-BE54-9A1E7A4F7556}") = "Employees.Grpc.Contracts", "api\services\Employees\Employees.Grpc.Contracts\Employees.Grpc.Contracts.csproj", "{0F58D589-A68D-46DD-AD29-9981417D28F3}"
EndProject
Project("{9A19103F-16F7-4668-BE54-9A1E7A4F7556}") = "Employees.Sdk", "api\services\Employees\Employees.Sdk\Employees.Sdk.csproj", "{20613CCB-5A9C-4AAE-81FB-3D699C728806}"
EndProject
Project("{9A19103F-16F7-4668-BE54-9A1E7A4F7556}") = "Employees.Grpc", "api\services\Employees\Employees.Grpc\Employees.Grpc.csproj", "{9B43D531-4B48-46A5-81CE-E27B9B4EAD21}"
EndProject
Project("{9A19103F-16F7-4668-BE54-9A1E7A4F7556}") = "SeedWork.Domain", "seedWork\SeedWork.Domain\SeedWork.Domain.csproj", "{3DC52645-BC87-4EB6-8886-68D65C2DF70A}"
EndProject
Project("{9A19103F-16F7-4668-BE54-9A1E7A4F7556}") = "SeedWork.Grpc", "seedWork\SeedWork.Grpc\SeedWork.Grpc.csproj", "{65BE452F-B9A7-4232-AABD-748AA1DA43B4}"
EndProject
Project("{9A19103F-16F7-4668-BE54-9A1E7A4F7556}") = "SeedWork.Application", "seedWork\SeedWork.Application\SeedWork.Application.csproj", "{981EBB2E-B18E-4697-AB07-F08BE58CB8C0}"
EndProject
Project("{FAE04EC0-301F-11D3-BF4B-00C04F79EFBC}") = "Shared.IntegrationContract", "shared\Shared.IntegrationContract\Shared.IntegrationContract.csproj", "{F603A9A6-0599-42FD-970A-BB6C123FD18D}"
EndProject
Global
	GlobalSection(SolutionConfigurationPlatforms) = preSolution
		Debug|Any CPU = Debug|Any CPU
		Release|Any CPU = Release|Any CPU
	EndGlobalSection
	GlobalSection(ProjectConfigurationPlatforms) = postSolution
		{A3FBE74A-8F53-478A-A038-BCFDCEC8411B}.Debug|Any CPU.ActiveCfg = Debug|Any CPU
		{A3FBE74A-8F53-478A-A038-BCFDCEC8411B}.Debug|Any CPU.Build.0 = Debug|Any CPU
		{A3FBE74A-8F53-478A-A038-BCFDCEC8411B}.Release|Any CPU.ActiveCfg = Release|Any CPU
		{A3FBE74A-8F53-478A-A038-BCFDCEC8411B}.Release|Any CPU.Build.0 = Release|Any CPU
		{CF552F36-77AA-47BB-98BD-9BD5E8B5E183}.Debug|Any CPU.ActiveCfg = Debug|Any CPU
		{CF552F36-77AA-47BB-98BD-9BD5E8B5E183}.Debug|Any CPU.Build.0 = Debug|Any CPU
		{CF552F36-77AA-47BB-98BD-9BD5E8B5E183}.Release|Any CPU.ActiveCfg = Release|Any CPU
		{CF552F36-77AA-47BB-98BD-9BD5E8B5E183}.Release|Any CPU.Build.0 = Release|Any CPU
		{9865622C-8FFC-48E9-84E8-E90D9C9E6A3C}.Debug|Any CPU.ActiveCfg = Debug|Any CPU
		{9865622C-8FFC-48E9-84E8-E90D9C9E6A3C}.Debug|Any CPU.Build.0 = Debug|Any CPU
		{9865622C-8FFC-48E9-84E8-E90D9C9E6A3C}.Release|Any CPU.ActiveCfg = Release|Any CPU
		{9865622C-8FFC-48E9-84E8-E90D9C9E6A3C}.Release|Any CPU.Build.0 = Release|Any CPU
		{AD5B3714-C9BA-4CCF-894B-F3C9E5AC45D1}.Debug|Any CPU.ActiveCfg = Debug|Any CPU
		{AD5B3714-C9BA-4CCF-894B-F3C9E5AC45D1}.Debug|Any CPU.Build.0 = Debug|Any CPU
		{AD5B3714-C9BA-4CCF-894B-F3C9E5AC45D1}.Release|Any CPU.ActiveCfg = Release|Any CPU
		{AD5B3714-C9BA-4CCF-894B-F3C9E5AC45D1}.Release|Any CPU.Build.0 = Release|Any CPU
		{CFD5FCAF-4A6C-4708-A341-ED5E9A7F40AB}.Debug|Any CPU.ActiveCfg = Debug|Any CPU
		{CFD5FCAF-4A6C-4708-A341-ED5E9A7F40AB}.Debug|Any CPU.Build.0 = Debug|Any CPU
		{CFD5FCAF-4A6C-4708-A341-ED5E9A7F40AB}.Release|Any CPU.ActiveCfg = Release|Any CPU
		{CFD5FCAF-4A6C-4708-A341-ED5E9A7F40AB}.Release|Any CPU.Build.0 = Release|Any CPU
		{7E00FAC1-181C-48EE-9B98-EC00370CEA54}.Debug|Any CPU.ActiveCfg = Debug|Any CPU
		{7E00FAC1-181C-48EE-9B98-EC00370CEA54}.Debug|Any CPU.Build.0 = Debug|Any CPU
		{7E00FAC1-181C-48EE-9B98-EC00370CEA54}.Release|Any CPU.ActiveCfg = Release|Any CPU
		{7E00FAC1-181C-48EE-9B98-EC00370CEA54}.Release|Any CPU.Build.0 = Release|Any CPU
		{7E1741FB-FD64-4B2A-B60D-E47248C48C38}.Debug|Any CPU.ActiveCfg = Debug|Any CPU
		{7E1741FB-FD64-4B2A-B60D-E47248C48C38}.Debug|Any CPU.Build.0 = Debug|Any CPU
		{7E1741FB-FD64-4B2A-B60D-E47248C48C38}.Release|Any CPU.ActiveCfg = Release|Any CPU
		{7E1741FB-FD64-4B2A-B60D-E47248C48C38}.Release|Any CPU.Build.0 = Release|Any CPU
		{3ACA55E0-A76B-4664-85E4-C3B38BAE7CEE}.Debug|Any CPU.ActiveCfg = Debug|Any CPU
		{3ACA55E0-A76B-4664-85E4-C3B38BAE7CEE}.Debug|Any CPU.Build.0 = Debug|Any CPU
		{3ACA55E0-A76B-4664-85E4-C3B38BAE7CEE}.Release|Any CPU.ActiveCfg = Release|Any CPU
		{3ACA55E0-A76B-4664-85E4-C3B38BAE7CEE}.Release|Any CPU.Build.0 = Release|Any CPU
		{53105FF4-9876-4981-99F2-C279E4B2B3BA}.Debug|Any CPU.ActiveCfg = Debug|Any CPU
		{53105FF4-9876-4981-99F2-C279E4B2B3BA}.Debug|Any CPU.Build.0 = Debug|Any CPU
		{53105FF4-9876-4981-99F2-C279E4B2B3BA}.Release|Any CPU.ActiveCfg = Release|Any CPU
		{53105FF4-9876-4981-99F2-C279E4B2B3BA}.Release|Any CPU.Build.0 = Release|Any CPU
		{8C1C0C64-80FF-4095-8797-43B4E5D8B4D7}.Debug|Any CPU.ActiveCfg = Debug|Any CPU
		{8C1C0C64-80FF-4095-8797-43B4E5D8B4D7}.Debug|Any CPU.Build.0 = Debug|Any CPU
		{8C1C0C64-80FF-4095-8797-43B4E5D8B4D7}.Release|Any CPU.ActiveCfg = Release|Any CPU
		{8C1C0C64-80FF-4095-8797-43B4E5D8B4D7}.Release|Any CPU.Build.0 = Release|Any CPU
		{F0F37092-6C2F-4835-AC15-3029A89DEFDD}.Debug|Any CPU.ActiveCfg = Debug|Any CPU
		{F0F37092-6C2F-4835-AC15-3029A89DEFDD}.Debug|Any CPU.Build.0 = Debug|Any CPU
		{F0F37092-6C2F-4835-AC15-3029A89DEFDD}.Release|Any CPU.ActiveCfg = Release|Any CPU
		{F0F37092-6C2F-4835-AC15-3029A89DEFDD}.Release|Any CPU.Build.0 = Release|Any CPU
		{56E81375-8BA4-4268-A8F3-755E8F04FBA7}.Debug|Any CPU.ActiveCfg = Debug|Any CPU
		{56E81375-8BA4-4268-A8F3-755E8F04FBA7}.Debug|Any CPU.Build.0 = Debug|Any CPU
		{56E81375-8BA4-4268-A8F3-755E8F04FBA7}.Release|Any CPU.ActiveCfg = Release|Any CPU
		{56E81375-8BA4-4268-A8F3-755E8F04FBA7}.Release|Any CPU.Build.0 = Release|Any CPU
		{86069000-AD49-4479-883E-7F465C247B2D}.Debug|Any CPU.ActiveCfg = Debug|Any CPU
		{86069000-AD49-4479-883E-7F465C247B2D}.Debug|Any CPU.Build.0 = Debug|Any CPU
		{86069000-AD49-4479-883E-7F465C247B2D}.Release|Any CPU.ActiveCfg = Release|Any CPU
		{86069000-AD49-4479-883E-7F465C247B2D}.Release|Any CPU.Build.0 = Release|Any CPU
		{1242AA97-F379-4793-8F82-0A8442D3B246}.Debug|Any CPU.ActiveCfg = Debug|Any CPU
		{1242AA97-F379-4793-8F82-0A8442D3B246}.Debug|Any CPU.Build.0 = Debug|Any CPU
		{1242AA97-F379-4793-8F82-0A8442D3B246}.Release|Any CPU.ActiveCfg = Release|Any CPU
		{1242AA97-F379-4793-8F82-0A8442D3B246}.Release|Any CPU.Build.0 = Release|Any CPU
		{1F39B12A-0D51-4464-B1AF-9AB2473CF57E}.Debug|Any CPU.ActiveCfg = Debug|Any CPU
		{1F39B12A-0D51-4464-B1AF-9AB2473CF57E}.Debug|Any CPU.Build.0 = Debug|Any CPU
		{1F39B12A-0D51-4464-B1AF-9AB2473CF57E}.Release|Any CPU.ActiveCfg = Release|Any CPU
		{1F39B12A-0D51-4464-B1AF-9AB2473CF57E}.Release|Any CPU.Build.0 = Release|Any CPU
		{377D0703-F06C-4761-A542-A3125D2D683F}.Debug|Any CPU.ActiveCfg = Debug|Any CPU
		{377D0703-F06C-4761-A542-A3125D2D683F}.Debug|Any CPU.Build.0 = Debug|Any CPU
		{377D0703-F06C-4761-A542-A3125D2D683F}.Release|Any CPU.ActiveCfg = Release|Any CPU
		{377D0703-F06C-4761-A542-A3125D2D683F}.Release|Any CPU.Build.0 = Release|Any CPU
		{E75883F5-5FAA-480E-B77F-3F391A5C6045}.Debug|Any CPU.ActiveCfg = Debug|Any CPU
		{E75883F5-5FAA-480E-B77F-3F391A5C6045}.Debug|Any CPU.Build.0 = Debug|Any CPU
		{E75883F5-5FAA-480E-B77F-3F391A5C6045}.Release|Any CPU.ActiveCfg = Release|Any CPU
		{E75883F5-5FAA-480E-B77F-3F391A5C6045}.Release|Any CPU.Build.0 = Release|Any CPU
		{57BC34A1-8EE0-439C-A67E-F73480C5E46B}.Debug|Any CPU.ActiveCfg = Debug|Any CPU
		{57BC34A1-8EE0-439C-A67E-F73480C5E46B}.Debug|Any CPU.Build.0 = Debug|Any CPU
		{57BC34A1-8EE0-439C-A67E-F73480C5E46B}.Release|Any CPU.ActiveCfg = Release|Any CPU
		{57BC34A1-8EE0-439C-A67E-F73480C5E46B}.Release|Any CPU.Build.0 = Release|Any CPU
		{9A3E43E3-E5F6-46F1-A7A6-DC9A4F9A9781}.Debug|Any CPU.ActiveCfg = Debug|Any CPU
		{9A3E43E3-E5F6-46F1-A7A6-DC9A4F9A9781}.Debug|Any CPU.Build.0 = Debug|Any CPU
		{9A3E43E3-E5F6-46F1-A7A6-DC9A4F9A9781}.Release|Any CPU.ActiveCfg = Release|Any CPU
		{9A3E43E3-E5F6-46F1-A7A6-DC9A4F9A9781}.Release|Any CPU.Build.0 = Release|Any CPU
		{9EF635E1-0965-4AF9-AE3F-1FB3E84FB908}.Debug|Any CPU.ActiveCfg = Debug|Any CPU
		{9EF635E1-0965-4AF9-AE3F-1FB3E84FB908}.Debug|Any CPU.Build.0 = Debug|Any CPU
		{9EF635E1-0965-4AF9-AE3F-1FB3E84FB908}.Release|Any CPU.ActiveCfg = Release|Any CPU
		{9EF635E1-0965-4AF9-AE3F-1FB3E84FB908}.Release|Any CPU.Build.0 = Release|Any CPU
		{E927C540-F9B8-4F0A-91B0-50731EA73614}.Debug|Any CPU.ActiveCfg = Debug|Any CPU
		{E927C540-F9B8-4F0A-91B0-50731EA73614}.Debug|Any CPU.Build.0 = Debug|Any CPU
		{E927C540-F9B8-4F0A-91B0-50731EA73614}.Release|Any CPU.ActiveCfg = Release|Any CPU
		{E927C540-F9B8-4F0A-91B0-50731EA73614}.Release|Any CPU.Build.0 = Release|Any CPU
		{6347BF9E-8CF2-447D-AD85-2213192882BF}.Debug|Any CPU.ActiveCfg = Debug|Any CPU
		{6347BF9E-8CF2-447D-AD85-2213192882BF}.Debug|Any CPU.Build.0 = Debug|Any CPU
		{6347BF9E-8CF2-447D-AD85-2213192882BF}.Release|Any CPU.ActiveCfg = Release|Any CPU
		{6347BF9E-8CF2-447D-AD85-2213192882BF}.Release|Any CPU.Build.0 = Release|Any CPU
		{BB2BF0B3-8FE4-466C-A1E9-6C74A919B458}.Debug|Any CPU.ActiveCfg = Debug|Any CPU
		{BB2BF0B3-8FE4-466C-A1E9-6C74A919B458}.Debug|Any CPU.Build.0 = Debug|Any CPU
		{BB2BF0B3-8FE4-466C-A1E9-6C74A919B458}.Release|Any CPU.ActiveCfg = Release|Any CPU
		{BB2BF0B3-8FE4-466C-A1E9-6C74A919B458}.Release|Any CPU.Build.0 = Release|Any CPU
		{0586D850-CC86-45E9-93AC-EED2A77CFF1E}.Debug|Any CPU.ActiveCfg = Debug|Any CPU
		{0586D850-CC86-45E9-93AC-EED2A77CFF1E}.Debug|Any CPU.Build.0 = Debug|Any CPU
		{0586D850-CC86-45E9-93AC-EED2A77CFF1E}.Release|Any CPU.ActiveCfg = Release|Any CPU
		{0586D850-CC86-45E9-93AC-EED2A77CFF1E}.Release|Any CPU.Build.0 = Release|Any CPU
		{71A8499A-A1C5-4D88-9B54-B4A1B71EF9EF}.Debug|Any CPU.ActiveCfg = Debug|Any CPU
		{71A8499A-A1C5-4D88-9B54-B4A1B71EF9EF}.Debug|Any CPU.Build.0 = Debug|Any CPU
		{71A8499A-A1C5-4D88-9B54-B4A1B71EF9EF}.Release|Any CPU.ActiveCfg = Release|Any CPU
		{71A8499A-A1C5-4D88-9B54-B4A1B71EF9EF}.Release|Any CPU.Build.0 = Release|Any CPU
		{E13F5071-C091-4568-833C-946F81B97F23}.Debug|Any CPU.ActiveCfg = Debug|Any CPU
		{E13F5071-C091-4568-833C-946F81B97F23}.Debug|Any CPU.Build.0 = Debug|Any CPU
		{E13F5071-C091-4568-833C-946F81B97F23}.Release|Any CPU.ActiveCfg = Release|Any CPU
		{E13F5071-C091-4568-833C-946F81B97F23}.Release|Any CPU.Build.0 = Release|Any CPU
		{E4CCA616-95CF-4ABF-AC8B-8D2B58FAF901}.Debug|Any CPU.ActiveCfg = Debug|Any CPU
		{E4CCA616-95CF-4ABF-AC8B-8D2B58FAF901}.Debug|Any CPU.Build.0 = Debug|Any CPU
		{E4CCA616-95CF-4ABF-AC8B-8D2B58FAF901}.Release|Any CPU.ActiveCfg = Release|Any CPU
		{E4CCA616-95CF-4ABF-AC8B-8D2B58FAF901}.Release|Any CPU.Build.0 = Release|Any CPU
		{B47F393D-0412-43BB-86F0-D405717BF707}.Debug|Any CPU.ActiveCfg = Debug|Any CPU
		{B47F393D-0412-43BB-86F0-D405717BF707}.Debug|Any CPU.Build.0 = Debug|Any CPU
		{B47F393D-0412-43BB-86F0-D405717BF707}.Release|Any CPU.ActiveCfg = Release|Any CPU
		{B47F393D-0412-43BB-86F0-D405717BF707}.Release|Any CPU.Build.0 = Release|Any CPU
		{15C14E43-5C43-4D06-AA5D-30980689EC06}.Debug|Any CPU.ActiveCfg = Debug|Any CPU
		{15C14E43-5C43-4D06-AA5D-30980689EC06}.Debug|Any CPU.Build.0 = Debug|Any CPU
		{15C14E43-5C43-4D06-AA5D-30980689EC06}.Release|Any CPU.ActiveCfg = Release|Any CPU
		{15C14E43-5C43-4D06-AA5D-30980689EC06}.Release|Any CPU.Build.0 = Release|Any CPU
		{20628A3A-AF07-491D-A0B0-12D0D862F0ED}.Debug|Any CPU.ActiveCfg = Debug|Any CPU
		{20628A3A-AF07-491D-A0B0-12D0D862F0ED}.Debug|Any CPU.Build.0 = Debug|Any CPU
		{20628A3A-AF07-491D-A0B0-12D0D862F0ED}.Release|Any CPU.ActiveCfg = Release|Any CPU
		{20628A3A-AF07-491D-A0B0-12D0D862F0ED}.Release|Any CPU.Build.0 = Release|Any CPU
		{BC05D62A-6588-4A4F-8A4C-0B7432644C7B}.Debug|Any CPU.ActiveCfg = Debug|Any CPU
		{BC05D62A-6588-4A4F-8A4C-0B7432644C7B}.Debug|Any CPU.Build.0 = Debug|Any CPU
		{BC05D62A-6588-4A4F-8A4C-0B7432644C7B}.Release|Any CPU.ActiveCfg = Release|Any CPU
		{BC05D62A-6588-4A4F-8A4C-0B7432644C7B}.Release|Any CPU.Build.0 = Release|Any CPU
		{3A853598-A049-43A5-8E2A-0CF66EB6E570}.Debug|Any CPU.ActiveCfg = Debug|Any CPU
		{3A853598-A049-43A5-8E2A-0CF66EB6E570}.Debug|Any CPU.Build.0 = Debug|Any CPU
		{3A853598-A049-43A5-8E2A-0CF66EB6E570}.Release|Any CPU.ActiveCfg = Release|Any CPU
		{3A853598-A049-43A5-8E2A-0CF66EB6E570}.Release|Any CPU.Build.0 = Release|Any CPU
		{DE6C7CD3-E799-48AB-8767-EDF6947F8544}.Debug|Any CPU.ActiveCfg = Debug|Any CPU
		{DE6C7CD3-E799-48AB-8767-EDF6947F8544}.Debug|Any CPU.Build.0 = Debug|Any CPU
		{DE6C7CD3-E799-48AB-8767-EDF6947F8544}.Release|Any CPU.ActiveCfg = Release|Any CPU
		{DE6C7CD3-E799-48AB-8767-EDF6947F8544}.Release|Any CPU.Build.0 = Release|Any CPU
		{BD573D53-E002-4049-B072-201C3E64F696}.Debug|Any CPU.ActiveCfg = Debug|Any CPU
		{BD573D53-E002-4049-B072-201C3E64F696}.Debug|Any CPU.Build.0 = Debug|Any CPU
		{BD573D53-E002-4049-B072-201C3E64F696}.Release|Any CPU.ActiveCfg = Release|Any CPU
		{BD573D53-E002-4049-B072-201C3E64F696}.Release|Any CPU.Build.0 = Release|Any CPU
		{10F90AA8-4EF9-4A73-B056-03CE46895B64}.Debug|Any CPU.ActiveCfg = Debug|Any CPU
		{10F90AA8-4EF9-4A73-B056-03CE46895B64}.Debug|Any CPU.Build.0 = Debug|Any CPU
		{10F90AA8-4EF9-4A73-B056-03CE46895B64}.Release|Any CPU.ActiveCfg = Release|Any CPU
		{10F90AA8-4EF9-4A73-B056-03CE46895B64}.Release|Any CPU.Build.0 = Release|Any CPU
		{F0B6AB55-2AB1-4919-B3AE-2AB051300D23}.Debug|Any CPU.ActiveCfg = Debug|Any CPU
		{F0B6AB55-2AB1-4919-B3AE-2AB051300D23}.Debug|Any CPU.Build.0 = Debug|Any CPU
		{F0B6AB55-2AB1-4919-B3AE-2AB051300D23}.Release|Any CPU.ActiveCfg = Release|Any CPU
		{F0B6AB55-2AB1-4919-B3AE-2AB051300D23}.Release|Any CPU.Build.0 = Release|Any CPU
		{70F5D060-D2A7-499D-97C3-7CF3B317E1E7}.Debug|Any CPU.ActiveCfg = Debug|Any CPU
		{70F5D060-D2A7-499D-97C3-7CF3B317E1E7}.Debug|Any CPU.Build.0 = Debug|Any CPU
		{70F5D060-D2A7-499D-97C3-7CF3B317E1E7}.Release|Any CPU.ActiveCfg = Release|Any CPU
		{70F5D060-D2A7-499D-97C3-7CF3B317E1E7}.Release|Any CPU.Build.0 = Release|Any CPU
		{169DF857-DB38-49B9-88E3-4941667A51DA}.Debug|Any CPU.ActiveCfg = Debug|Any CPU
		{169DF857-DB38-49B9-88E3-4941667A51DA}.Debug|Any CPU.Build.0 = Debug|Any CPU
		{169DF857-DB38-49B9-88E3-4941667A51DA}.Release|Any CPU.ActiveCfg = Release|Any CPU
		{169DF857-DB38-49B9-88E3-4941667A51DA}.Release|Any CPU.Build.0 = Release|Any CPU
		{0F58D589-A68D-46DD-AD29-9981417D28F3}.Debug|Any CPU.ActiveCfg = Debug|Any CPU
		{0F58D589-A68D-46DD-AD29-9981417D28F3}.Debug|Any CPU.Build.0 = Debug|Any CPU
		{0F58D589-A68D-46DD-AD29-9981417D28F3}.Release|Any CPU.ActiveCfg = Release|Any CPU
		{0F58D589-A68D-46DD-AD29-9981417D28F3}.Release|Any CPU.Build.0 = Release|Any CPU
		{20613CCB-5A9C-4AAE-81FB-3D699C728806}.Debug|Any CPU.ActiveCfg = Debug|Any CPU
		{20613CCB-5A9C-4AAE-81FB-3D699C728806}.Debug|Any CPU.Build.0 = Debug|Any CPU
		{20613CCB-5A9C-4AAE-81FB-3D699C728806}.Release|Any CPU.ActiveCfg = Release|Any CPU
		{20613CCB-5A9C-4AAE-81FB-3D699C728806}.Release|Any CPU.Build.0 = Release|Any CPU
		{9B43D531-4B48-46A5-81CE-E27B9B4EAD21}.Debug|Any CPU.ActiveCfg = Debug|Any CPU
		{9B43D531-4B48-46A5-81CE-E27B9B4EAD21}.Debug|Any CPU.Build.0 = Debug|Any CPU
		{9B43D531-4B48-46A5-81CE-E27B9B4EAD21}.Release|Any CPU.ActiveCfg = Release|Any CPU
		{9B43D531-4B48-46A5-81CE-E27B9B4EAD21}.Release|Any CPU.Build.0 = Release|Any CPU
		{3DC52645-BC87-4EB6-8886-68D65C2DF70A}.Debug|Any CPU.ActiveCfg = Debug|Any CPU
		{3DC52645-BC87-4EB6-8886-68D65C2DF70A}.Debug|Any CPU.Build.0 = Debug|Any CPU
		{3DC52645-BC87-4EB6-8886-68D65C2DF70A}.Release|Any CPU.ActiveCfg = Release|Any CPU
		{3DC52645-BC87-4EB6-8886-68D65C2DF70A}.Release|Any CPU.Build.0 = Release|Any CPU
		{65BE452F-B9A7-4232-AABD-748AA1DA43B4}.Debug|Any CPU.ActiveCfg = Debug|Any CPU
		{65BE452F-B9A7-4232-AABD-748AA1DA43B4}.Debug|Any CPU.Build.0 = Debug|Any CPU
		{65BE452F-B9A7-4232-AABD-748AA1DA43B4}.Release|Any CPU.ActiveCfg = Release|Any CPU
		{65BE452F-B9A7-4232-AABD-748AA1DA43B4}.Release|Any CPU.Build.0 = Release|Any CPU
		{981EBB2E-B18E-4697-AB07-F08BE58CB8C0}.Debug|Any CPU.ActiveCfg = Debug|Any CPU
		{981EBB2E-B18E-4697-AB07-F08BE58CB8C0}.Debug|Any CPU.Build.0 = Debug|Any CPU
		{981EBB2E-B18E-4697-AB07-F08BE58CB8C0}.Release|Any CPU.ActiveCfg = Release|Any CPU
		{981EBB2E-B18E-4697-AB07-F08BE58CB8C0}.Release|Any CPU.Build.0 = Release|Any CPU
		{F603A9A6-0599-42FD-970A-BB6C123FD18D}.Debug|Any CPU.ActiveCfg = Debug|Any CPU
		{F603A9A6-0599-42FD-970A-BB6C123FD18D}.Debug|Any CPU.Build.0 = Debug|Any CPU
		{F603A9A6-0599-42FD-970A-BB6C123FD18D}.Release|Any CPU.ActiveCfg = Release|Any CPU
		{F603A9A6-0599-42FD-970A-BB6C123FD18D}.Release|Any CPU.Build.0 = Release|Any CPU
	EndGlobalSection
	GlobalSection(SolutionProperties) = preSolution
		HideSolutionNode = FALSE
	EndGlobalSection
	GlobalSection(NestedProjects) = preSolution
		{A3FBE74A-8F53-478A-A038-BCFDCEC8411B} = {608D5819-B543-45CA-A1E7-EECBC0CC3DAF}
		{03425385-C2E6-479C-886C-EB8EE1EFC832} = {7BA35E11-7C4D-4297-80F7-D2C95DE98C75}
		{CF552F36-77AA-47BB-98BD-9BD5E8B5E183} = {7B5CA078-DABF-49D5-8149-B61137986A71}
		{9865622C-8FFC-48E9-84E8-E90D9C9E6A3C} = {A69B8FE8-A169-4C13-8966-7F3C76B78026}
		{AD5B3714-C9BA-4CCF-894B-F3C9E5AC45D1} = {A69B8FE8-A169-4C13-8966-7F3C76B78026}
		{B17364B9-E473-43D8-847D-97AED0DFA5EA} = {03425385-C2E6-479C-886C-EB8EE1EFC832}
		{CFD5FCAF-4A6C-4708-A341-ED5E9A7F40AB} = {B17364B9-E473-43D8-847D-97AED0DFA5EA}
		{7E00FAC1-181C-48EE-9B98-EC00370CEA54} = {B17364B9-E473-43D8-847D-97AED0DFA5EA}
		{7E1741FB-FD64-4B2A-B60D-E47248C48C38} = {A69B8FE8-A169-4C13-8966-7F3C76B78026}
		{3ACA55E0-A76B-4664-85E4-C3B38BAE7CEE} = {A69B8FE8-A169-4C13-8966-7F3C76B78026}
		{53105FF4-9876-4981-99F2-C279E4B2B3BA} = {A69B8FE8-A169-4C13-8966-7F3C76B78026}
		{8C1C0C64-80FF-4095-8797-43B4E5D8B4D7} = {A69B8FE8-A169-4C13-8966-7F3C76B78026}
		{F0F37092-6C2F-4835-AC15-3029A89DEFDD} = {A69B8FE8-A169-4C13-8966-7F3C76B78026}
		{56E81375-8BA4-4268-A8F3-755E8F04FBA7} = {A69B8FE8-A169-4C13-8966-7F3C76B78026}
		{86069000-AD49-4479-883E-7F465C247B2D} = {A69B8FE8-A169-4C13-8966-7F3C76B78026}
		{1242AA97-F379-4793-8F82-0A8442D3B246} = {B17364B9-E473-43D8-847D-97AED0DFA5EA}
		{1F39B12A-0D51-4464-B1AF-9AB2473CF57E} = {B17364B9-E473-43D8-847D-97AED0DFA5EA}
		{377D0703-F06C-4761-A542-A3125D2D683F} = {B17364B9-E473-43D8-847D-97AED0DFA5EA}
		{E75883F5-5FAA-480E-B77F-3F391A5C6045} = {A69B8FE8-A169-4C13-8966-7F3C76B78026}
		{57BC34A1-8EE0-439C-A67E-F73480C5E46B} = {B17364B9-E473-43D8-847D-97AED0DFA5EA}
		{9A3E43E3-E5F6-46F1-A7A6-DC9A4F9A9781} = {A69B8FE8-A169-4C13-8966-7F3C76B78026}
		{9EF635E1-0965-4AF9-AE3F-1FB3E84FB908} = {A3F7DF32-BB43-4B85-B32F-2E5033D6EC2A}
		{E927C540-F9B8-4F0A-91B0-50731EA73614} = {7B5CA078-DABF-49D5-8149-B61137986A71}
		{F44E5BFE-BECB-4303-B39A-3E8D8421BEF8} = {03425385-C2E6-479C-886C-EB8EE1EFC832}
		{6347BF9E-8CF2-447D-AD85-2213192882BF} = {F44E5BFE-BECB-4303-B39A-3E8D8421BEF8}
		{BB2BF0B3-8FE4-466C-A1E9-6C74A919B458} = {F44E5BFE-BECB-4303-B39A-3E8D8421BEF8}
		{0586D850-CC86-45E9-93AC-EED2A77CFF1E} = {F44E5BFE-BECB-4303-B39A-3E8D8421BEF8}
		{71A8499A-A1C5-4D88-9B54-B4A1B71EF9EF} = {F44E5BFE-BECB-4303-B39A-3E8D8421BEF8}
		{E13F5071-C091-4568-833C-946F81B97F23} = {F44E5BFE-BECB-4303-B39A-3E8D8421BEF8}
		{E4CCA616-95CF-4ABF-AC8B-8D2B58FAF901} = {F44E5BFE-BECB-4303-B39A-3E8D8421BEF8}
		{B47F393D-0412-43BB-86F0-D405717BF707} = {A3F7DF32-BB43-4B85-B32F-2E5033D6EC2A}
		{5EDC293E-7B4D-4F1C-A8D4-092A187BD6A3} = {9CBABEC5-70AC-4C34-B6AA-37871D519F13}
		{15C14E43-5C43-4D06-AA5D-30980689EC06} = {5EDC293E-7B4D-4F1C-A8D4-092A187BD6A3}
		{C72ACBD8-5C4C-4BD9-BB67-8F62C50E8325} = {03425385-C2E6-479C-886C-EB8EE1EFC832}
		{20628A3A-AF07-491D-A0B0-12D0D862F0ED} = {C72ACBD8-5C4C-4BD9-BB67-8F62C50E8325}
		{BC05D62A-6588-4A4F-8A4C-0B7432644C7B} = {C72ACBD8-5C4C-4BD9-BB67-8F62C50E8325}
		{3A853598-A049-43A5-8E2A-0CF66EB6E570} = {C72ACBD8-5C4C-4BD9-BB67-8F62C50E8325}
		{DE6C7CD3-E799-48AB-8767-EDF6947F8544} = {C72ACBD8-5C4C-4BD9-BB67-8F62C50E8325}
		{BD573D53-E002-4049-B072-201C3E64F696} = {C72ACBD8-5C4C-4BD9-BB67-8F62C50E8325}
		{10F90AA8-4EF9-4A73-B056-03CE46895B64} = {C72ACBD8-5C4C-4BD9-BB67-8F62C50E8325}
		{5DB11131-8396-4057-8F3D-90E1077821FB} = {03425385-C2E6-479C-886C-EB8EE1EFC832}
		{F0B6AB55-2AB1-4919-B3AE-2AB051300D23} = {5DB11131-8396-4057-8F3D-90E1077821FB}
		{70F5D060-D2A7-499D-97C3-7CF3B317E1E7} = {5DB11131-8396-4057-8F3D-90E1077821FB}
		{169DF857-DB38-49B9-88E3-4941667A51DA} = {5DB11131-8396-4057-8F3D-90E1077821FB}
		{0F58D589-A68D-46DD-AD29-9981417D28F3} = {5DB11131-8396-4057-8F3D-90E1077821FB}
		{20613CCB-5A9C-4AAE-81FB-3D699C728806} = {5DB11131-8396-4057-8F3D-90E1077821FB}
		{9B43D531-4B48-46A5-81CE-E27B9B4EAD21} = {5DB11131-8396-4057-8F3D-90E1077821FB}
		{3DC52645-BC87-4EB6-8886-68D65C2DF70A} = {A3F7DF32-BB43-4B85-B32F-2E5033D6EC2A}
		{65BE452F-B9A7-4232-AABD-748AA1DA43B4} = {A3F7DF32-BB43-4B85-B32F-2E5033D6EC2A}
		{981EBB2E-B18E-4697-AB07-F08BE58CB8C0} = {A3F7DF32-BB43-4B85-B32F-2E5033D6EC2A}
		{F603A9A6-0599-42FD-970A-BB6C123FD18D} = {A69B8FE8-A169-4C13-8966-7F3C76B78026}
	EndGlobalSection
	GlobalSection(ExtensibilityGlobals) = postSolution
		SolutionGuid = {F214500A-8AAA-4861-8182-43EE63A90B9C}
	EndGlobalSection
EndGlobal
